PODS:
  - AudioKit (4.9.5):
    - AudioKit/Core (= 4.9.5)
    - AudioKit/UI (= 4.9.5)
  - AudioKit/Core (4.9.5)
  - AudioKit/UI (4.9.5):
    - AudioKit/Core
  - SwiftyStoreKit (0.16.1)

DEPENDENCIES:
  - AudioKit
  - SwiftyStoreKit

SPEC REPOS:
  trunk:
    - AudioKit
    - SwiftyStoreKit

SPEC CHECKSUMS:
  AudioKit: ccf4e39c89ed6e5cbbce5fef58d819db39446437
  SwiftyStoreKit: 6b9c08810269f030586dac1fae8e75871a82e84a

PODFILE CHECKSUM: 29580d325ae13723b035076462912decfe621ac2

COCOAPODS: 1.10.0.beta.2
