PODS:
  - AudioKit (4.9.5):
    - AudioKit/Core (= 4.9.5)
    - AudioKit/UI (= 4.9.5)
  - AudioKit/Core (4.9.5)
  - AudioKit/UI (4.9.5):
    - AudioKit/Core

DEPENDENCIES:
  - AudioKit

SPEC REPOS:
  trunk:
    - AudioKit

SPEC CHECKSUMS:
  AudioKit: ccf4e39c89ed6e5cbbce5fef58d819db39446437

PODFILE CHECKSUM: fcf2605a24abd057ed5b8bd419d82fb75aea145d

COCOAPODS: 1.9.1
