PODS:
  - AudioKit (4.9.1):
    - AudioKit/Core (= 4.9.1)
    - AudioKit/UI (= 4.9.1)
  - AudioKit/Core (4.9.1)
  - AudioKit/UI (4.9.1):
    - AudioKit/Core

DEPENDENCIES:
  - AudioKit

SPEC REPOS:
  trunk:
    - AudioKit

SPEC CHECKSUMS:
  AudioKit: 6e5a830b92b1fb295d7efb81ad33fcd1e540712b

PODFILE CHECKSUM: fcf2605a24abd057ed5b8bd419d82fb75aea145d

COCOAPODS: 1.8.3
