// !$*UTF8*$!
{
	archiveVersion = 1;
	classes = {
	};
	objectVersion = 48;
	objects = {

/* Begin PBXBuildFile section */
		7855CA798E7D105A650A2F01 /* Pods_MugicUITests.framework in Frameworks */ = {isa = PBXBuildFile; fileRef = 923EF0BE7416BA5CF7A81730 /* Pods_MugicUITests.framework */; };
		91188F9220A6C04100D2C678 /* PianokeyView.xib in Resources */ = {isa = PBXBuildFile; fileRef = 91188F9120A6C04100D2C678 /* PianokeyView.xib */; };
		91188F9420A6C5E100D2C678 /* PanelViews.swift in Sources */ = {isa = PBXBuildFile; fileRef = 91188F9320A6C5E100D2C678 /* PanelViews.swift */; };
		9124E14420BA726B002906CF /* GoogleService-Info.plist in Resources */ = {isa = PBXBuildFile; fileRef = 9124E14320BA726B002906CF /* GoogleService-Info.plist */; };
		91278F8D20C54974008DAAB0 /* MenuViewController.swift in Sources */ = {isa = PBXBuildFile; fileRef = 91278F8C20C54974008DAAB0 /* MenuViewController.swift */; };
		914BA5592029C0EC00A2CBC3 /* Conductor.swift in Sources */ = {isa = PBXBuildFile; fileRef = 914BA5582029C0EC00A2CBC3 /* Conductor.swift */; };
		914BA55B2029D8EF00A2CBC3 /* Piano.swift in Sources */ = {isa = PBXBuildFile; fileRef = 914BA55A2029D8EF00A2CBC3 /* Piano.swift */; };
		917ADCCC200B3A940062B79A /* Instrument.swift in Sources */ = {isa = PBXBuildFile; fileRef = 917ADCCB200B3A940062B79A /* Instrument.swift */; };
		917F6CC52119E2E600B953FE /* TrackTableViewCell.swift in Sources */ = {isa = PBXBuildFile; fileRef = 917F6CC42119E2E600B953FE /* TrackTableViewCell.swift */; };
		917F6CC72119E2F900B953FE /* TrackTableViewCell.xib in Resources */ = {isa = PBXBuildFile; fileRef = 917F6CC62119E2F900B953FE /* TrackTableViewCell.xib */; };
		917F6CCA2119E5DE00B953FE /* SongInfoPanel.xib in Resources */ = {isa = PBXBuildFile; fileRef = 917F6CC92119E5DE00B953FE /* SongInfoPanel.xib */; };
		917F6CCC2119E5E900B953FE /* PlayControllerPanel.xib in Resources */ = {isa = PBXBuildFile; fileRef = 917F6CCB2119E5E900B953FE /* PlayControllerPanel.xib */; };
		917F6CCE2119E5F000B953FE /* MainPanels.swift in Sources */ = {isa = PBXBuildFile; fileRef = 917F6CCD2119E5F000B953FE /* MainPanels.swift */; };
		91813C4120513AEE004E600C /* Recorder.swift in Sources */ = {isa = PBXBuildFile; fileRef = 91813C4020513AEE004E600C /* Recorder.swift */; };
		91813C4720552328004E600C /* Utils.swift in Sources */ = {isa = PBXBuildFile; fileRef = 91813C4620552328004E600C /* Utils.swift */; };
		918E3791206262CF004C08CB /* Drum.swift in Sources */ = {isa = PBXBuildFile; fileRef = 918E3790206262CF004C08CB /* Drum.swift */; };
		9194038920F09CF500A96206 /* ChordEvent+CoreDataClass.swift in Sources */ = {isa = PBXBuildFile; fileRef = 9194037D20F09CF500A96206 /* ChordEvent+CoreDataClass.swift */; };
		9194038A20F09CF500A96206 /* ChordEvent+CoreDataProperties.swift in Sources */ = {isa = PBXBuildFile; fileRef = 9194037E20F09CF500A96206 /* ChordEvent+CoreDataProperties.swift */; };
		9194038B20F09CF500A96206 /* RhythmEvent+CoreDataClass.swift in Sources */ = {isa = PBXBuildFile; fileRef = 9194037F20F09CF500A96206 /* RhythmEvent+CoreDataClass.swift */; };
		9194038C20F09CF500A96206 /* RhythmEvent+CoreDataProperties.swift in Sources */ = {isa = PBXBuildFile; fileRef = 9194038020F09CF500A96206 /* RhythmEvent+CoreDataProperties.swift */; };
		9194038D20F09CF500A96206 /* MelodicEvent+CoreDataClass.swift in Sources */ = {isa = PBXBuildFile; fileRef = 9194038120F09CF500A96206 /* MelodicEvent+CoreDataClass.swift */; };
		9194038E20F09CF500A96206 /* MelodicEvent+CoreDataProperties.swift in Sources */ = {isa = PBXBuildFile; fileRef = 9194038220F09CF500A96206 /* MelodicEvent+CoreDataProperties.swift */; };
		9194038F20F09CF500A96206 /* Track+CoreDataClass.swift in Sources */ = {isa = PBXBuildFile; fileRef = 9194038320F09CF500A96206 /* Track+CoreDataClass.swift */; };
		9194039020F09CF500A96206 /* Track+CoreDataProperties.swift in Sources */ = {isa = PBXBuildFile; fileRef = 9194038420F09CF500A96206 /* Track+CoreDataProperties.swift */; };
		9194039320F09CF500A96206 /* Event+CoreDataClass.swift in Sources */ = {isa = PBXBuildFile; fileRef = 9194038720F09CF500A96206 /* Event+CoreDataClass.swift */; };
		9194039420F09CF500A96206 /* Event+CoreDataProperties.swift in Sources */ = {isa = PBXBuildFile; fileRef = 9194038820F09CF500A96206 /* Event+CoreDataProperties.swift */; };
		9194039620F09DE500A96206 /* Song.storyboard in Resources */ = {isa = PBXBuildFile; fileRef = 9194039520F09DE500A96206 /* Song.storyboard */; };
		9194039920F09E4500A96206 /* SongListViewController.swift in Sources */ = {isa = PBXBuildFile; fileRef = 9194039820F09E4500A96206 /* SongListViewController.swift */; };
		9194039B20F09E6B00A96206 /* SongTableViewCell.xib in Resources */ = {isa = PBXBuildFile; fileRef = 9194039A20F09E6B00A96206 /* SongTableViewCell.xib */; };
		9194039D20F09E9600A96206 /* SongTableViewCell.swift in Sources */ = {isa = PBXBuildFile; fileRef = 9194039C20F09E9600A96206 /* SongTableViewCell.swift */; };
		919403A320F0AAB000A96206 /* SongEditViewController.swift in Sources */ = {isa = PBXBuildFile; fileRef = 919403A220F0AAB000A96206 /* SongEditViewController.swift */; };
		919403A920F0AD1D00A96206 /* Song.swift in Sources */ = {isa = PBXBuildFile; fileRef = 919403A820F0AD1D00A96206 /* Song.swift */; };
		9199C9F820C7C1BD00ACC924 /* IAPHelper.swift in Sources */ = {isa = PBXBuildFile; fileRef = 9199C9F720C7C1BD00ACC924 /* IAPHelper.swift */; };
		91A10822215B54CC0070825B /* Event.swift in Sources */ = {isa = PBXBuildFile; fileRef = 91A10821215B54CC0070825B /* Event.swift */; };
		91A10824215B592E0070825B /* MainViewController+Record.swift in Sources */ = {isa = PBXBuildFile; fileRef = 91A10823215B592E0070825B /* MainViewController+Record.swift */; };
		91A10826215B593D0070825B /* MainViewController+Delegates.swift in Sources */ = {isa = PBXBuildFile; fileRef = 91A10825215B593D0070825B /* MainViewController+Delegates.swift */; };
		91A10828215B59550070825B /* MainViewController+TableView.swift in Sources */ = {isa = PBXBuildFile; fileRef = 91A10827215B59550070825B /* MainViewController+TableView.swift */; };
		91AC947822B934180074E9A7 /* Localizable.strings in Resources */ = {isa = PBXBuildFile; fileRef = 91AC947722B934180074E9A7 /* Localizable.strings */; };
		91B5C3C322A01B7E00745A93 /* CoreDataStack.swift in Sources */ = {isa = PBXBuildFile; fileRef = 91B5C3C222A01B7E00745A93 /* CoreDataStack.swift */; };
		91B5C3C522A0254D00745A93 /* UIViewController+ManagedContext.swift in Sources */ = {isa = PBXBuildFile; fileRef = 91B5C3C422A0254D00745A93 /* UIViewController+ManagedContext.swift */; };
		91BB7C722106320F00E737FF /* Song+CoreDataClass.swift in Sources */ = {isa = PBXBuildFile; fileRef = 91BB7C702106320F00E737FF /* Song+CoreDataClass.swift */; };
		91BB7C732106320F00E737FF /* Song+CoreDataProperties.swift in Sources */ = {isa = PBXBuildFile; fileRef = 91BB7C712106320F00E737FF /* Song+CoreDataProperties.swift */; };
		91C5638F20AC2DF00029089B /* ChordPanelView.xib in Resources */ = {isa = PBXBuildFile; fileRef = 91C5638E20AC2DF00029089B /* ChordPanelView.xib */; };
		91C5639120AC2DF90029089B /* DrumKitPanelView.xib in Resources */ = {isa = PBXBuildFile; fileRef = 91C5639020AC2DF90029089B /* DrumKitPanelView.xib */; };
		91CD367E2001E78300124BD3 /* AppDelegate.swift in Sources */ = {isa = PBXBuildFile; fileRef = 91CD367D2001E78300124BD3 /* AppDelegate.swift */; };
		91CD36802001E78300124BD3 /* MainViewController.swift in Sources */ = {isa = PBXBuildFile; fileRef = 91CD367F2001E78300124BD3 /* MainViewController.swift */; };
		91CD36832001E78300124BD3 /* Main.storyboard in Resources */ = {isa = PBXBuildFile; fileRef = 91CD36812001E78300124BD3 /* Main.storyboard */; };
		91CD36862001E78300124BD3 /* Mugic.xcdatamodeld in Sources */ = {isa = PBXBuildFile; fileRef = 91CD36842001E78300124BD3 /* Mugic.xcdatamodeld */; };
		91CD36882001E78300124BD3 /* Assets.xcassets in Resources */ = {isa = PBXBuildFile; fileRef = 91CD36872001E78300124BD3 /* Assets.xcassets */; };
		91CD368B2001E78300124BD3 /* LaunchScreen.storyboard in Resources */ = {isa = PBXBuildFile; fileRef = 91CD36892001E78300124BD3 /* LaunchScreen.storyboard */; };
		91CD36962001E78300124BD3 /* MugicTests.swift in Sources */ = {isa = PBXBuildFile; fileRef = 91CD36952001E78300124BD3 /* MugicTests.swift */; };
		91CD36A12001E78300124BD3 /* MugicUITests.swift in Sources */ = {isa = PBXBuildFile; fileRef = 91CD36A02001E78300124BD3 /* MugicUITests.swift */; };
		91CE86EE2033073200812E42 /* Acoustic Guitars JNv2.4.sf2 in Resources */ = {isa = PBXBuildFile; fileRef = 91CE86ED2033073200812E42 /* Acoustic Guitars JNv2.4.sf2 */; };
		91CE86F020330FFC00812E42 /* Color.swift in Sources */ = {isa = PBXBuildFile; fileRef = 91CE86EF20330FFC00812E42 /* Color.swift */; };
		91F502402123E7B3002284B5 /* AddTrackTableViewCell.xib in Resources */ = {isa = PBXBuildFile; fileRef = 91F5023F2123E7B3002284B5 /* AddTrackTableViewCell.xib */; };
		91FF504E203943F1008460C3 /* Sounds in Resources */ = {isa = PBXBuildFile; fileRef = 91FF504D203943F1008460C3 /* Sounds */; };
		91FF505020394484008460C3 /* Guitar.swift in Sources */ = {isa = PBXBuildFile; fileRef = 91FF504F20394484008460C3 /* Guitar.swift */; };
		AC30BCEC8A9CE1B581C1463B /* Pods_MugicTests.framework in Frameworks */ = {isa = PBXBuildFile; fileRef = 8C2EFEA2E61A65C195BC8198 /* Pods_MugicTests.framework */; };
		CA91CF924AC7A41DD0422141 /* Pods_Mugic.framework in Frameworks */ = {isa = PBXBuildFile; fileRef = D215FEA4F84B2B255276C541 /* Pods_Mugic.framework */; };
/* End PBXBuildFile section */

/* Begin PBXContainerItemProxy section */
		91CD36922001E78300124BD3 /* PBXContainerItemProxy */ = {
			isa = PBXContainerItemProxy;
			containerPortal = 91CD36722001E78200124BD3 /* Project object */;
			proxyType = 1;
			remoteGlobalIDString = 91CD36792001E78300124BD3;
			remoteInfo = Mugic;
		};
		91CD369D2001E78300124BD3 /* PBXContainerItemProxy */ = {
			isa = PBXContainerItemProxy;
			containerPortal = 91CD36722001E78200124BD3 /* Project object */;
			proxyType = 1;
			remoteGlobalIDString = 91CD36792001E78300124BD3;
			remoteInfo = Mugic;
		};
/* End PBXContainerItemProxy section */

/* Begin PBXFileReference section */
		109443B8F3567B63882FAB8D /* Pods-MugicTests.release.xcconfig */ = {isa = PBXFileReference; includeInIndex = 1; lastKnownFileType = text.xcconfig; name = "Pods-MugicTests.release.xcconfig"; path = "Target Support Files/Pods-MugicTests/Pods-MugicTests.release.xcconfig"; sourceTree = "<group>"; };
		187C40F8DC4CD92D35110946 /* Pods-MugicUITests.debug.xcconfig */ = {isa = PBXFileReference; includeInIndex = 1; lastKnownFileType = text.xcconfig; name = "Pods-MugicUITests.debug.xcconfig"; path = "Target Support Files/Pods-MugicUITests/Pods-MugicUITests.debug.xcconfig"; sourceTree = "<group>"; };
		487DDC6C97D09E375DA9CF39 /* Pods-Mugic.debug.xcconfig */ = {isa = PBXFileReference; includeInIndex = 1; lastKnownFileType = text.xcconfig; name = "Pods-Mugic.debug.xcconfig"; path = "Target Support Files/Pods-Mugic/Pods-Mugic.debug.xcconfig"; sourceTree = "<group>"; };
		748C2A693D63C91AC7C32A01 /* Pods-MugicTests.debug.xcconfig */ = {isa = PBXFileReference; includeInIndex = 1; lastKnownFileType = text.xcconfig; name = "Pods-MugicTests.debug.xcconfig"; path = "Target Support Files/Pods-MugicTests/Pods-MugicTests.debug.xcconfig"; sourceTree = "<group>"; };
		8C2EFEA2E61A65C195BC8198 /* Pods_MugicTests.framework */ = {isa = PBXFileReference; explicitFileType = wrapper.framework; includeInIndex = 0; path = Pods_MugicTests.framework; sourceTree = BUILT_PRODUCTS_DIR; };
		91188F9120A6C04100D2C678 /* PianokeyView.xib */ = {isa = PBXFileReference; lastKnownFileType = file.xib; path = PianokeyView.xib; sourceTree = "<group>"; };
		91188F9320A6C5E100D2C678 /* PanelViews.swift */ = {isa = PBXFileReference; lastKnownFileType = sourcecode.swift; path = PanelViews.swift; sourceTree = "<group>"; };
		9124E14320BA726B002906CF /* GoogleService-Info.plist */ = {isa = PBXFileReference; fileEncoding = 4; lastKnownFileType = text.plist.xml; path = "GoogleService-Info.plist"; sourceTree = "<group>"; };
		91278F8C20C54974008DAAB0 /* MenuViewController.swift */ = {isa = PBXFileReference; lastKnownFileType = sourcecode.swift; path = MenuViewController.swift; sourceTree = "<group>"; };
		914BA5582029C0EC00A2CBC3 /* Conductor.swift */ = {isa = PBXFileReference; lastKnownFileType = sourcecode.swift; path = Conductor.swift; sourceTree = "<group>"; };
		914BA55A2029D8EF00A2CBC3 /* Piano.swift */ = {isa = PBXFileReference; lastKnownFileType = sourcecode.swift; path = Piano.swift; sourceTree = "<group>"; };
		917ADCCB200B3A940062B79A /* Instrument.swift */ = {isa = PBXFileReference; lastKnownFileType = sourcecode.swift; path = Instrument.swift; sourceTree = "<group>"; };
		917F6CC42119E2E600B953FE /* TrackTableViewCell.swift */ = {isa = PBXFileReference; lastKnownFileType = sourcecode.swift; path = TrackTableViewCell.swift; sourceTree = "<group>"; };
		917F6CC62119E2F900B953FE /* TrackTableViewCell.xib */ = {isa = PBXFileReference; lastKnownFileType = file.xib; path = TrackTableViewCell.xib; sourceTree = "<group>"; };
		917F6CC92119E5DE00B953FE /* SongInfoPanel.xib */ = {isa = PBXFileReference; lastKnownFileType = file.xib; path = SongInfoPanel.xib; sourceTree = "<group>"; };
		917F6CCB2119E5E900B953FE /* PlayControllerPanel.xib */ = {isa = PBXFileReference; lastKnownFileType = file.xib; path = PlayControllerPanel.xib; sourceTree = "<group>"; };
		917F6CCD2119E5F000B953FE /* MainPanels.swift */ = {isa = PBXFileReference; lastKnownFileType = sourcecode.swift; path = MainPanels.swift; sourceTree = "<group>"; };
		91813C4020513AEE004E600C /* Recorder.swift */ = {isa = PBXFileReference; lastKnownFileType = sourcecode.swift; path = Recorder.swift; sourceTree = "<group>"; };
		91813C4620552328004E600C /* Utils.swift */ = {isa = PBXFileReference; lastKnownFileType = sourcecode.swift; path = Utils.swift; sourceTree = "<group>"; };
		918E3790206262CF004C08CB /* Drum.swift */ = {isa = PBXFileReference; lastKnownFileType = sourcecode.swift; path = Drum.swift; sourceTree = "<group>"; };
		9194037D20F09CF500A96206 /* ChordEvent+CoreDataClass.swift */ = {isa = PBXFileReference; lastKnownFileType = sourcecode.swift; path = "ChordEvent+CoreDataClass.swift"; sourceTree = "<group>"; };
		9194037E20F09CF500A96206 /* ChordEvent+CoreDataProperties.swift */ = {isa = PBXFileReference; lastKnownFileType = sourcecode.swift; path = "ChordEvent+CoreDataProperties.swift"; sourceTree = "<group>"; };
		9194037F20F09CF500A96206 /* RhythmEvent+CoreDataClass.swift */ = {isa = PBXFileReference; lastKnownFileType = sourcecode.swift; path = "RhythmEvent+CoreDataClass.swift"; sourceTree = "<group>"; };
		9194038020F09CF500A96206 /* RhythmEvent+CoreDataProperties.swift */ = {isa = PBXFileReference; lastKnownFileType = sourcecode.swift; path = "RhythmEvent+CoreDataProperties.swift"; sourceTree = "<group>"; };
		9194038120F09CF500A96206 /* MelodicEvent+CoreDataClass.swift */ = {isa = PBXFileReference; lastKnownFileType = sourcecode.swift; path = "MelodicEvent+CoreDataClass.swift"; sourceTree = "<group>"; };
		9194038220F09CF500A96206 /* MelodicEvent+CoreDataProperties.swift */ = {isa = PBXFileReference; lastKnownFileType = sourcecode.swift; path = "MelodicEvent+CoreDataProperties.swift"; sourceTree = "<group>"; };
		9194038320F09CF500A96206 /* Track+CoreDataClass.swift */ = {isa = PBXFileReference; lastKnownFileType = sourcecode.swift; path = "Track+CoreDataClass.swift"; sourceTree = "<group>"; };
		9194038420F09CF500A96206 /* Track+CoreDataProperties.swift */ = {isa = PBXFileReference; lastKnownFileType = sourcecode.swift; path = "Track+CoreDataProperties.swift"; sourceTree = "<group>"; };
		9194038720F09CF500A96206 /* Event+CoreDataClass.swift */ = {isa = PBXFileReference; lastKnownFileType = sourcecode.swift; path = "Event+CoreDataClass.swift"; sourceTree = "<group>"; };
		9194038820F09CF500A96206 /* Event+CoreDataProperties.swift */ = {isa = PBXFileReference; lastKnownFileType = sourcecode.swift; path = "Event+CoreDataProperties.swift"; sourceTree = "<group>"; };
		9194039520F09DE500A96206 /* Song.storyboard */ = {isa = PBXFileReference; lastKnownFileType = file.storyboard; path = Song.storyboard; sourceTree = "<group>"; };
		9194039820F09E4500A96206 /* SongListViewController.swift */ = {isa = PBXFileReference; lastKnownFileType = sourcecode.swift; path = SongListViewController.swift; sourceTree = "<group>"; };
		9194039A20F09E6B00A96206 /* SongTableViewCell.xib */ = {isa = PBXFileReference; lastKnownFileType = file.xib; path = SongTableViewCell.xib; sourceTree = "<group>"; };
		9194039C20F09E9600A96206 /* SongTableViewCell.swift */ = {isa = PBXFileReference; lastKnownFileType = sourcecode.swift; path = SongTableViewCell.swift; sourceTree = "<group>"; };
		919403A220F0AAB000A96206 /* SongEditViewController.swift */ = {isa = PBXFileReference; lastKnownFileType = sourcecode.swift; path = SongEditViewController.swift; sourceTree = "<group>"; };
		919403A820F0AD1D00A96206 /* Song.swift */ = {isa = PBXFileReference; lastKnownFileType = sourcecode.swift; path = Song.swift; sourceTree = "<group>"; };
		9199C9F720C7C1BD00ACC924 /* IAPHelper.swift */ = {isa = PBXFileReference; fileEncoding = 4; lastKnownFileType = sourcecode.swift; path = IAPHelper.swift; sourceTree = "<group>"; };
		91A10821215B54CC0070825B /* Event.swift */ = {isa = PBXFileReference; lastKnownFileType = sourcecode.swift; path = Event.swift; sourceTree = "<group>"; };
		91A10823215B592E0070825B /* MainViewController+Record.swift */ = {isa = PBXFileReference; lastKnownFileType = sourcecode.swift; path = "MainViewController+Record.swift"; sourceTree = "<group>"; };
		91A10825215B593D0070825B /* MainViewController+Delegates.swift */ = {isa = PBXFileReference; lastKnownFileType = sourcecode.swift; path = "MainViewController+Delegates.swift"; sourceTree = "<group>"; };
		91A10827215B59550070825B /* MainViewController+TableView.swift */ = {isa = PBXFileReference; lastKnownFileType = sourcecode.swift; path = "MainViewController+TableView.swift"; sourceTree = "<group>"; };
		91AC947722B934180074E9A7 /* Localizable.strings */ = {isa = PBXFileReference; lastKnownFileType = text.plist.strings; path = Localizable.strings; sourceTree = "<group>"; };
		91B5C3C222A01B7E00745A93 /* CoreDataStack.swift */ = {isa = PBXFileReference; lastKnownFileType = sourcecode.swift; path = CoreDataStack.swift; sourceTree = "<group>"; };
		91B5C3C422A0254D00745A93 /* UIViewController+ManagedContext.swift */ = {isa = PBXFileReference; lastKnownFileType = sourcecode.swift; path = "UIViewController+ManagedContext.swift"; sourceTree = "<group>"; };
		91BB7C702106320F00E737FF /* Song+CoreDataClass.swift */ = {isa = PBXFileReference; lastKnownFileType = sourcecode.swift; path = "Song+CoreDataClass.swift"; sourceTree = "<group>"; };
		91BB7C712106320F00E737FF /* Song+CoreDataProperties.swift */ = {isa = PBXFileReference; lastKnownFileType = sourcecode.swift; path = "Song+CoreDataProperties.swift"; sourceTree = "<group>"; };
		91C5638E20AC2DF00029089B /* ChordPanelView.xib */ = {isa = PBXFileReference; lastKnownFileType = file.xib; path = ChordPanelView.xib; sourceTree = "<group>"; };
		91C5639020AC2DF90029089B /* DrumKitPanelView.xib */ = {isa = PBXFileReference; lastKnownFileType = file.xib; path = DrumKitPanelView.xib; sourceTree = "<group>"; };
		91CD367A2001E78300124BD3 /* Mugic.app */ = {isa = PBXFileReference; explicitFileType = wrapper.application; includeInIndex = 0; path = Mugic.app; sourceTree = BUILT_PRODUCTS_DIR; };
		91CD367D2001E78300124BD3 /* AppDelegate.swift */ = {isa = PBXFileReference; lastKnownFileType = sourcecode.swift; path = AppDelegate.swift; sourceTree = "<group>"; };
		91CD367F2001E78300124BD3 /* MainViewController.swift */ = {isa = PBXFileReference; lastKnownFileType = sourcecode.swift; path = MainViewController.swift; sourceTree = "<group>"; };
		91CD36822001E78300124BD3 /* Base */ = {isa = PBXFileReference; lastKnownFileType = file.storyboard; name = Base; path = Base.lproj/Main.storyboard; sourceTree = "<group>"; };
		91CD36852001E78300124BD3 /* Mugic.xcdatamodel */ = {isa = PBXFileReference; lastKnownFileType = wrapper.xcdatamodel; path = Mugic.xcdatamodel; sourceTree = "<group>"; };
		91CD36872001E78300124BD3 /* Assets.xcassets */ = {isa = PBXFileReference; lastKnownFileType = folder.assetcatalog; path = Assets.xcassets; sourceTree = "<group>"; };
		91CD368A2001E78300124BD3 /* Base */ = {isa = PBXFileReference; lastKnownFileType = file.storyboard; name = Base; path = Base.lproj/LaunchScreen.storyboard; sourceTree = "<group>"; };
		91CD368C2001E78300124BD3 /* Info.plist */ = {isa = PBXFileReference; lastKnownFileType = text.plist.xml; path = Info.plist; sourceTree = "<group>"; };
		91CD36912001E78300124BD3 /* MugicTests.xctest */ = {isa = PBXFileReference; explicitFileType = wrapper.cfbundle; includeInIndex = 0; path = MugicTests.xctest; sourceTree = BUILT_PRODUCTS_DIR; };
		91CD36952001E78300124BD3 /* MugicTests.swift */ = {isa = PBXFileReference; lastKnownFileType = sourcecode.swift; path = MugicTests.swift; sourceTree = "<group>"; };
		91CD36972001E78300124BD3 /* Info.plist */ = {isa = PBXFileReference; lastKnownFileType = text.plist.xml; path = Info.plist; sourceTree = "<group>"; };
		91CD369C2001E78300124BD3 /* MugicUITests.xctest */ = {isa = PBXFileReference; explicitFileType = wrapper.cfbundle; includeInIndex = 0; path = MugicUITests.xctest; sourceTree = BUILT_PRODUCTS_DIR; };
		91CD36A02001E78300124BD3 /* MugicUITests.swift */ = {isa = PBXFileReference; lastKnownFileType = sourcecode.swift; path = MugicUITests.swift; sourceTree = "<group>"; };
		91CD36A22001E78300124BD3 /* Info.plist */ = {isa = PBXFileReference; lastKnownFileType = text.plist.xml; path = Info.plist; sourceTree = "<group>"; };
		91CE86ED2033073200812E42 /* Acoustic Guitars JNv2.4.sf2 */ = {isa = PBXFileReference; lastKnownFileType = file; path = "Acoustic Guitars JNv2.4.sf2"; sourceTree = "<group>"; };
		91CE86EF20330FFC00812E42 /* Color.swift */ = {isa = PBXFileReference; lastKnownFileType = sourcecode.swift; path = Color.swift; sourceTree = "<group>"; };
		91F5023F2123E7B3002284B5 /* AddTrackTableViewCell.xib */ = {isa = PBXFileReference; lastKnownFileType = file.xib; path = AddTrackTableViewCell.xib; sourceTree = "<group>"; };
		91FF504D203943F1008460C3 /* Sounds */ = {isa = PBXFileReference; lastKnownFileType = folder; path = Sounds; sourceTree = "<group>"; };
		91FF504F20394484008460C3 /* Guitar.swift */ = {isa = PBXFileReference; lastKnownFileType = sourcecode.swift; path = Guitar.swift; sourceTree = "<group>"; };
		923EF0BE7416BA5CF7A81730 /* Pods_MugicUITests.framework */ = {isa = PBXFileReference; explicitFileType = wrapper.framework; includeInIndex = 0; path = Pods_MugicUITests.framework; sourceTree = BUILT_PRODUCTS_DIR; };
		AC6FB06D7C3EBDB28C7C58A9 /* Pods-MugicUITests.release.xcconfig */ = {isa = PBXFileReference; includeInIndex = 1; lastKnownFileType = text.xcconfig; name = "Pods-MugicUITests.release.xcconfig"; path = "Target Support Files/Pods-MugicUITests/Pods-MugicUITests.release.xcconfig"; sourceTree = "<group>"; };
		B9D297182FD7C3670D4D3183 /* Pods-Mugic.release.xcconfig */ = {isa = PBXFileReference; includeInIndex = 1; lastKnownFileType = text.xcconfig; name = "Pods-Mugic.release.xcconfig"; path = "Target Support Files/Pods-Mugic/Pods-Mugic.release.xcconfig"; sourceTree = "<group>"; };
		D215FEA4F84B2B255276C541 /* Pods_Mugic.framework */ = {isa = PBXFileReference; explicitFileType = wrapper.framework; includeInIndex = 0; path = Pods_Mugic.framework; sourceTree = BUILT_PRODUCTS_DIR; };
/* End PBXFileReference section */

/* Begin PBXFrameworksBuildPhase section */
		91CD36772001E78300124BD3 /* Frameworks */ = {
			isa = PBXFrameworksBuildPhase;
			buildActionMask = 2147483647;
			files = (
				CA91CF924AC7A41DD0422141 /* Pods_Mugic.framework in Frameworks */,
			);
			runOnlyForDeploymentPostprocessing = 0;
		};
		91CD368E2001E78300124BD3 /* Frameworks */ = {
			isa = PBXFrameworksBuildPhase;
			buildActionMask = 2147483647;
			files = (
				AC30BCEC8A9CE1B581C1463B /* Pods_MugicTests.framework in Frameworks */,
			);
			runOnlyForDeploymentPostprocessing = 0;
		};
		91CD36992001E78300124BD3 /* Frameworks */ = {
			isa = PBXFrameworksBuildPhase;
			buildActionMask = 2147483647;
			files = (
				7855CA798E7D105A650A2F01 /* Pods_MugicUITests.framework in Frameworks */,
			);
			runOnlyForDeploymentPostprocessing = 0;
		};
/* End PBXFrameworksBuildPhase section */

/* Begin PBXGroup section */
		91188F9020A6C01700D2C678 /* Panel */ = {
			isa = PBXGroup;
			children = (
				91188F9320A6C5E100D2C678 /* PanelViews.swift */,
				91188F9120A6C04100D2C678 /* PianokeyView.xib */,
				91C5638E20AC2DF00029089B /* ChordPanelView.xib */,
				91C5639020AC2DF90029089B /* DrumKitPanelView.xib */,
			);
			path = Panel;
			sourceTree = "<group>";
		};
		91278F8A20C5492C008DAAB0 /* ViewControllers */ = {
			isa = PBXGroup;
			children = (
				9185282D22EAF2DD004B7568 /* SongDetail */,
				917F6CC82119E5B500B953FE /* MainPanels */,
				917F6CC32119E26100B953FE /* Track */,
				9194039720F09E3300A96206 /* Song */,
				91CD367D2001E78300124BD3 /* AppDelegate.swift */,
				91B5C3C422A0254D00745A93 /* UIViewController+ManagedContext.swift */,
				91278F8C20C54974008DAAB0 /* MenuViewController.swift */,
			);
			path = ViewControllers;
			sourceTree = "<group>";
		};
		91278F8B20C5493A008DAAB0 /* Utils */ = {
			isa = PBXGroup;
			children = (
				91CE86EF20330FFC00812E42 /* Color.swift */,
				91813C4620552328004E600C /* Utils.swift */,
				9199C9F720C7C1BD00ACC924 /* IAPHelper.swift */,
			);
			path = Utils;
			sourceTree = "<group>";
		};
		914BA55C2029DBB700A2CBC3 /* Resources */ = {
			isa = PBXGroup;
			children = (
				91CE86EC2033072900812E42 /* Sounds */,
				91AC947722B934180074E9A7 /* Localizable.strings */,
			);
			path = Resources;
			sourceTree = "<group>";
		};
		917ADCCA200B3A6E0062B79A /* Instruments */ = {
			isa = PBXGroup;
			children = (
				917ADCCB200B3A940062B79A /* Instrument.swift */,
				914BA55A2029D8EF00A2CBC3 /* Piano.swift */,
				91FF504F20394484008460C3 /* Guitar.swift */,
				918E3790206262CF004C08CB /* Drum.swift */,
				914BA5582029C0EC00A2CBC3 /* Conductor.swift */,
			);
			path = Instruments;
			sourceTree = "<group>";
		};
		917F6CC32119E26100B953FE /* Track */ = {
			isa = PBXGroup;
			children = (
				917F6CC42119E2E600B953FE /* TrackTableViewCell.swift */,
				917F6CC62119E2F900B953FE /* TrackTableViewCell.xib */,
				91F5023F2123E7B3002284B5 /* AddTrackTableViewCell.xib */,
			);
			path = Track;
			sourceTree = "<group>";
		};
		917F6CC82119E5B500B953FE /* MainPanels */ = {
			isa = PBXGroup;
			children = (
				917F6CC92119E5DE00B953FE /* SongInfoPanel.xib */,
				917F6CCB2119E5E900B953FE /* PlayControllerPanel.xib */,
				917F6CCD2119E5F000B953FE /* MainPanels.swift */,
			);
			path = MainPanels;
			sourceTree = "<group>";
		};
		91813C3F20513ADB004E600C /* Recorder */ = {
			isa = PBXGroup;
			children = (
				91813C4020513AEE004E600C /* Recorder.swift */,
			);
			path = Recorder;
			sourceTree = "<group>";
		};
		9185282D22EAF2DD004B7568 /* SongDetail */ = {
			isa = PBXGroup;
			children = (
				91CD36812001E78300124BD3 /* Main.storyboard */,
				91CD367F2001E78300124BD3 /* MainViewController.swift */,
				91A10823215B592E0070825B /* MainViewController+Record.swift */,
				91A10825215B593D0070825B /* MainViewController+Delegates.swift */,
				91A10827215B59550070825B /* MainViewController+TableView.swift */,
			);
			path = SongDetail;
			sourceTree = "<group>";
		};
		9194039720F09E3300A96206 /* Song */ = {
			isa = PBXGroup;
			children = (
				9194039820F09E4500A96206 /* SongListViewController.swift */,
				919403A220F0AAB000A96206 /* SongEditViewController.swift */,
				9194039C20F09E9600A96206 /* SongTableViewCell.swift */,
				9194039520F09DE500A96206 /* Song.storyboard */,
				9194039A20F09E6B00A96206 /* SongTableViewCell.xib */,
			);
			path = Song;
			sourceTree = "<group>";
		};
		91CD36712001E78200124BD3 = {
			isa = PBXGroup;
			children = (
				91CD367C2001E78300124BD3 /* Mugic */,
				91CD36942001E78300124BD3 /* MugicTests */,
				91CD369F2001E78300124BD3 /* MugicUITests */,
				91CD367B2001E78300124BD3 /* Products */,
				FEA8AC83DB525E80F92362E6 /* Pods */,
				DD2464EFEC8F34FC5A6A8C22 /* Frameworks */,
			);
			sourceTree = "<group>";
		};
		91CD367B2001E78300124BD3 /* Products */ = {
			isa = PBXGroup;
			children = (
				91CD367A2001E78300124BD3 /* Mugic.app */,
				91CD36912001E78300124BD3 /* MugicTests.xctest */,
				91CD369C2001E78300124BD3 /* MugicUITests.xctest */,
			);
			name = Products;
			sourceTree = "<group>";
		};
		91CD367C2001E78300124BD3 /* Mugic */ = {
			isa = PBXGroup;
			children = (
				91278F8B20C5493A008DAAB0 /* Utils */,
				91278F8A20C5492C008DAAB0 /* ViewControllers */,
				91FF504D203943F1008460C3 /* Sounds */,
				914BA55C2029DBB700A2CBC3 /* Resources */,
				91F079F4208B2747007D6385 /* Model */,
				917ADCCA200B3A6E0062B79A /* Instruments */,
				91813C3F20513ADB004E600C /* Recorder */,
				91188F9020A6C01700D2C678 /* Panel */,
				91CD36872001E78300124BD3 /* Assets.xcassets */,
				91CD36892001E78300124BD3 /* LaunchScreen.storyboard */,
				91CD368C2001E78300124BD3 /* Info.plist */,
				9124E14320BA726B002906CF /* GoogleService-Info.plist */,
				91CD36842001E78300124BD3 /* Mugic.xcdatamodeld */,
			);
			path = Mugic;
			sourceTree = "<group>";
		};
		91CD36942001E78300124BD3 /* MugicTests */ = {
			isa = PBXGroup;
			children = (
				91CD36952001E78300124BD3 /* MugicTests.swift */,
				91CD36972001E78300124BD3 /* Info.plist */,
			);
			path = MugicTests;
			sourceTree = "<group>";
		};
		91CD369F2001E78300124BD3 /* MugicUITests */ = {
			isa = PBXGroup;
			children = (
				91CD36A02001E78300124BD3 /* MugicUITests.swift */,
				91CD36A22001E78300124BD3 /* Info.plist */,
			);
			path = MugicUITests;
			sourceTree = "<group>";
		};
		91CE86EC2033072900812E42 /* Sounds */ = {
			isa = PBXGroup;
			children = (
				91CE86ED2033073200812E42 /* Acoustic Guitars JNv2.4.sf2 */,
			);
			path = Sounds;
			sourceTree = "<group>";
		};
		91F079F4208B2747007D6385 /* Model */ = {
			isa = PBXGroup;
			children = (
				919403A820F0AD1D00A96206 /* Song.swift */,
				91BB7C702106320F00E737FF /* Song+CoreDataClass.swift */,
				91BB7C712106320F00E737FF /* Song+CoreDataProperties.swift */,
				91A10821215B54CC0070825B /* Event.swift */,
				9194038720F09CF500A96206 /* Event+CoreDataClass.swift */,
				9194038820F09CF500A96206 /* Event+CoreDataProperties.swift */,
				9194037D20F09CF500A96206 /* ChordEvent+CoreDataClass.swift */,
				9194037E20F09CF500A96206 /* ChordEvent+CoreDataProperties.swift */,
				9194037F20F09CF500A96206 /* RhythmEvent+CoreDataClass.swift */,
				9194038020F09CF500A96206 /* RhythmEvent+CoreDataProperties.swift */,
				9194038120F09CF500A96206 /* MelodicEvent+CoreDataClass.swift */,
				9194038220F09CF500A96206 /* MelodicEvent+CoreDataProperties.swift */,
				9194038320F09CF500A96206 /* Track+CoreDataClass.swift */,
				9194038420F09CF500A96206 /* Track+CoreDataProperties.swift */,
				91B5C3C222A01B7E00745A93 /* CoreDataStack.swift */,
			);
			path = Model;
			sourceTree = "<group>";
		};
		DD2464EFEC8F34FC5A6A8C22 /* Frameworks */ = {
			isa = PBXGroup;
			children = (
				D215FEA4F84B2B255276C541 /* Pods_Mugic.framework */,
				8C2EFEA2E61A65C195BC8198 /* Pods_MugicTests.framework */,
				923EF0BE7416BA5CF7A81730 /* Pods_MugicUITests.framework */,
			);
			name = Frameworks;
			sourceTree = "<group>";
		};
		FEA8AC83DB525E80F92362E6 /* Pods */ = {
			isa = PBXGroup;
			children = (
				487DDC6C97D09E375DA9CF39 /* Pods-Mugic.debug.xcconfig */,
				B9D297182FD7C3670D4D3183 /* Pods-Mugic.release.xcconfig */,
				748C2A693D63C91AC7C32A01 /* Pods-MugicTests.debug.xcconfig */,
				109443B8F3567B63882FAB8D /* Pods-MugicTests.release.xcconfig */,
				187C40F8DC4CD92D35110946 /* Pods-MugicUITests.debug.xcconfig */,
				AC6FB06D7C3EBDB28C7C58A9 /* Pods-MugicUITests.release.xcconfig */,
			);
			path = Pods;
			sourceTree = "<group>";
		};
/* End PBXGroup section */

/* Begin PBXNativeTarget section */
		91CD36792001E78300124BD3 /* Mugic */ = {
			isa = PBXNativeTarget;
			buildConfigurationList = 91CD36A52001E78300124BD3 /* Build configuration list for PBXNativeTarget "Mugic" */;
			buildPhases = (
				94011CEA07896EE999DA4345 /* [CP] Check Pods Manifest.lock */,
				91CD36762001E78300124BD3 /* Sources */,
				91CD36772001E78300124BD3 /* Frameworks */,
				91CD36782001E78300124BD3 /* Resources */,
				9124E14220BA6E7E002906CF /* ShellScript */,
			);
			buildRules = (
			);
			dependencies = (
			);
			name = Mugic;
			productName = Mugic;
			productReference = 91CD367A2001E78300124BD3 /* Mugic.app */;
			productType = "com.apple.product-type.application";
		};
		91CD36902001E78300124BD3 /* MugicTests */ = {
			isa = PBXNativeTarget;
			buildConfigurationList = 91CD36A82001E78300124BD3 /* Build configuration list for PBXNativeTarget "MugicTests" */;
			buildPhases = (
				A0FAA387037E699F4831DA5E /* [CP] Check Pods Manifest.lock */,
				91CD368D2001E78300124BD3 /* Sources */,
				91CD368E2001E78300124BD3 /* Frameworks */,
				91CD368F2001E78300124BD3 /* Resources */,
			);
			buildRules = (
			);
			dependencies = (
				91CD36932001E78300124BD3 /* PBXTargetDependency */,
			);
			name = MugicTests;
			productName = MugicTests;
			productReference = 91CD36912001E78300124BD3 /* MugicTests.xctest */;
			productType = "com.apple.product-type.bundle.unit-test";
		};
		91CD369B2001E78300124BD3 /* MugicUITests */ = {
			isa = PBXNativeTarget;
			buildConfigurationList = 91CD36AB2001E78300124BD3 /* Build configuration list for PBXNativeTarget "MugicUITests" */;
			buildPhases = (
				27913DC3DAE71F66BD91B3B8 /* [CP] Check Pods Manifest.lock */,
				91CD36982001E78300124BD3 /* Sources */,
				91CD36992001E78300124BD3 /* Frameworks */,
				91CD369A2001E78300124BD3 /* Resources */,
			);
			buildRules = (
			);
			dependencies = (
				91CD369E2001E78300124BD3 /* PBXTargetDependency */,
			);
			name = MugicUITests;
			productName = MugicUITests;
			productReference = 91CD369C2001E78300124BD3 /* MugicUITests.xctest */;
			productType = "com.apple.product-type.bundle.ui-testing";
		};
/* End PBXNativeTarget section */

/* Begin PBXProject section */
		91CD36722001E78200124BD3 /* Project object */ = {
			isa = PBXProject;
			attributes = {
				LastSwiftUpdateCheck = 0920;
				LastUpgradeCheck = 0930;
				ORGANIZATIONNAME = "Jeong-Uk Lee";
				TargetAttributes = {
					91CD36792001E78300124BD3 = {
						CreatedOnToolsVersion = 9.2;
						LastSwiftMigration = 1020;
						ProvisioningStyle = Automatic;
						SystemCapabilities = {
							com.apple.BackgroundModes = {
								enabled = 1;
							};
						};
					};
					91CD36902001E78300124BD3 = {
						CreatedOnToolsVersion = 9.2;
						LastSwiftMigration = 1020;
						ProvisioningStyle = Automatic;
						TestTargetID = 91CD36792001E78300124BD3;
					};
					91CD369B2001E78300124BD3 = {
						CreatedOnToolsVersion = 9.2;
						LastSwiftMigration = 1020;
						ProvisioningStyle = Automatic;
						TestTargetID = 91CD36792001E78300124BD3;
					};
				};
			};
			buildConfigurationList = 91CD36752001E78200124BD3 /* Build configuration list for PBXProject "Mugic" */;
			compatibilityVersion = "Xcode 8.0";
			developmentRegion = en;
			hasScannedForEncodings = 0;
			knownRegions = (
				en,
				Base,
			);
			mainGroup = 91CD36712001E78200124BD3;
			productRefGroup = 91CD367B2001E78300124BD3 /* Products */;
			projectDirPath = "";
			projectRoot = "";
			targets = (
				91CD36792001E78300124BD3 /* Mugic */,
				91CD36902001E78300124BD3 /* MugicTests */,
				91CD369B2001E78300124BD3 /* MugicUITests */,
			);
		};
/* End PBXProject section */

/* Begin PBXResourcesBuildPhase section */
		91CD36782001E78300124BD3 /* Resources */ = {
			isa = PBXResourcesBuildPhase;
			buildActionMask = 2147483647;
			files = (
				91FF504E203943F1008460C3 /* Sounds in Resources */,
				91CE86EE2033073200812E42 /* Acoustic Guitars JNv2.4.sf2 in Resources */,
				91F502402123E7B3002284B5 /* AddTrackTableViewCell.xib in Resources */,
				9124E14420BA726B002906CF /* GoogleService-Info.plist in Resources */,
				917F6CC72119E2F900B953FE /* TrackTableViewCell.xib in Resources */,
				9194039B20F09E6B00A96206 /* SongTableViewCell.xib in Resources */,
				9194039620F09DE500A96206 /* Song.storyboard in Resources */,
				91C5639120AC2DF90029089B /* DrumKitPanelView.xib in Resources */,
				91CD368B2001E78300124BD3 /* LaunchScreen.storyboard in Resources */,
				91CD36882001E78300124BD3 /* Assets.xcassets in Resources */,
				917F6CCA2119E5DE00B953FE /* SongInfoPanel.xib in Resources */,
				91188F9220A6C04100D2C678 /* PianokeyView.xib in Resources */,
				91C5638F20AC2DF00029089B /* ChordPanelView.xib in Resources */,
				91AC947822B934180074E9A7 /* Localizable.strings in Resources */,
				917F6CCC2119E5E900B953FE /* PlayControllerPanel.xib in Resources */,
				91CD36832001E78300124BD3 /* Main.storyboard in Resources */,
			);
			runOnlyForDeploymentPostprocessing = 0;
		};
		91CD368F2001E78300124BD3 /* Resources */ = {
			isa = PBXResourcesBuildPhase;
			buildActionMask = 2147483647;
			files = (
			);
			runOnlyForDeploymentPostprocessing = 0;
		};
		91CD369A2001E78300124BD3 /* Resources */ = {
			isa = PBXResourcesBuildPhase;
			buildActionMask = 2147483647;
			files = (
			);
			runOnlyForDeploymentPostprocessing = 0;
		};
/* End PBXResourcesBuildPhase section */

/* Begin PBXShellScriptBuildPhase section */
		27913DC3DAE71F66BD91B3B8 /* [CP] Check Pods Manifest.lock */ = {
			isa = PBXShellScriptBuildPhase;
			buildActionMask = 2147483647;
			files = (
			);
			inputFileListPaths = (
			);
			inputPaths = (
				"${PODS_PODFILE_DIR_PATH}/Podfile.lock",
				"${PODS_ROOT}/Manifest.lock",
			);
			name = "[CP] Check Pods Manifest.lock";
			outputFileListPaths = (
			);
			outputPaths = (
				"$(DERIVED_FILE_DIR)/Pods-MugicUITests-checkManifestLockResult.txt",
			);
			runOnlyForDeploymentPostprocessing = 0;
			shellPath = /bin/sh;
			shellScript = "diff \"${PODS_PODFILE_DIR_PATH}/Podfile.lock\" \"${PODS_ROOT}/Manifest.lock\" > /dev/null\nif [ $? != 0 ] ; then\n    # print error to STDERR\n    echo \"error: The sandbox is not in sync with the Podfile.lock. Run 'pod install' or update your CocoaPods installation.\" >&2\n    exit 1\nfi\n# This output is used by Xcode 'outputs' to avoid re-running this script phase.\necho \"SUCCESS\" > \"${SCRIPT_OUTPUT_FILE_0}\"\n";
			showEnvVarsInLog = 0;
		};
		9124E14220BA6E7E002906CF /* ShellScript */ = {
			isa = PBXShellScriptBuildPhase;
			buildActionMask = 2147483647;
			files = (
			);
			inputPaths = (
			);
			outputPaths = (
			);
			runOnlyForDeploymentPostprocessing = 0;
			shellPath = /bin/sh;
			shellScript = "
";
		};
		94011CEA07896EE999DA4345 /* [CP] Check Pods Manifest.lock */ = {
			isa = PBXShellScriptBuildPhase;
			buildActionMask = 2147483647;
			files = (
			);
			inputFileListPaths = (
			);
			inputPaths = (
				"${PODS_PODFILE_DIR_PATH}/Podfile.lock",
				"${PODS_ROOT}/Manifest.lock",
			);
			name = "[CP] Check Pods Manifest.lock";
			outputFileListPaths = (
			);
			outputPaths = (
				"$(DERIVED_FILE_DIR)/Pods-Mugic-checkManifestLockResult.txt",
			);
			runOnlyForDeploymentPostprocessing = 0;
			shellPath = /bin/sh;
			shellScript = "diff \"${PODS_PODFILE_DIR_PATH}/Podfile.lock\" \"${PODS_ROOT}/Manifest.lock\" > /dev/null\nif [ $? != 0 ] ; then\n    # print error to STDERR\n    echo \"error: The sandbox is not in sync with the Podfile.lock. Run 'pod install' or update your CocoaPods installation.\" >&2\n    exit 1\nfi\n# This output is used by Xcode 'outputs' to avoid re-running this script phase.\necho \"SUCCESS\" > \"${SCRIPT_OUTPUT_FILE_0}\"\n";
			showEnvVarsInLog = 0;
		};
		A0FAA387037E699F4831DA5E /* [CP] Check Pods Manifest.lock */ = {
			isa = PBXShellScriptBuildPhase;
			buildActionMask = 2147483647;
			files = (
			);
			inputFileListPaths = (
			);
			inputPaths = (
				"${PODS_PODFILE_DIR_PATH}/Podfile.lock",
				"${PODS_ROOT}/Manifest.lock",
			);
			name = "[CP] Check Pods Manifest.lock";
			outputFileListPaths = (
			);
			outputPaths = (
				"$(DERIVED_FILE_DIR)/Pods-MugicTests-checkManifestLockResult.txt",
			);
			runOnlyForDeploymentPostprocessing = 0;
			shellPath = /bin/sh;
			shellScript = "diff \"${PODS_PODFILE_DIR_PATH}/Podfile.lock\" \"${PODS_ROOT}/Manifest.lock\" > /dev/null\nif [ $? != 0 ] ; then\n    # print error to STDERR\n    echo \"error: The sandbox is not in sync with the Podfile.lock. Run 'pod install' or update your CocoaPods installation.\" >&2\n    exit 1\nfi\n# This output is used by Xcode 'outputs' to avoid re-running this script phase.\necho \"SUCCESS\" > \"${SCRIPT_OUTPUT_FILE_0}\"\n";
			showEnvVarsInLog = 0;
		};
/* End PBXShellScriptBuildPhase section */

/* Begin PBXSourcesBuildPhase section */
		91CD36762001E78300124BD3 /* Sources */ = {
			isa = PBXSourcesBuildPhase;
			buildActionMask = 2147483647;
			files = (
				91813C4120513AEE004E600C /* Recorder.swift in Sources */,
				91A10822215B54CC0070825B /* Event.swift in Sources */,
				91278F8D20C54974008DAAB0 /* MenuViewController.swift in Sources */,
				91A10826215B593D0070825B /* MainViewController+Delegates.swift in Sources */,
				9194038E20F09CF500A96206 /* MelodicEvent+CoreDataProperties.swift in Sources */,
				9194038C20F09CF500A96206 /* RhythmEvent+CoreDataProperties.swift in Sources */,
				9194038D20F09CF500A96206 /* MelodicEvent+CoreDataClass.swift in Sources */,
				9194039420F09CF500A96206 /* Event+CoreDataProperties.swift in Sources */,
				917ADCCC200B3A940062B79A /* Instrument.swift in Sources */,
				9194039320F09CF500A96206 /* Event+CoreDataClass.swift in Sources */,
				91B5C3C522A0254D00745A93 /* UIViewController+ManagedContext.swift in Sources */,
				9194038A20F09CF500A96206 /* ChordEvent+CoreDataProperties.swift in Sources */,
				917F6CC52119E2E600B953FE /* TrackTableViewCell.swift in Sources */,
				914BA5592029C0EC00A2CBC3 /* Conductor.swift in Sources */,
				9194039920F09E4500A96206 /* SongListViewController.swift in Sources */,
				91BB7C722106320F00E737FF /* Song+CoreDataClass.swift in Sources */,
				918E3791206262CF004C08CB /* Drum.swift in Sources */,
				91B5C3C322A01B7E00745A93 /* CoreDataStack.swift in Sources */,
				9194039020F09CF500A96206 /* Track+CoreDataProperties.swift in Sources */,
				914BA55B2029D8EF00A2CBC3 /* Piano.swift in Sources */,
				9194038B20F09CF500A96206 /* RhythmEvent+CoreDataClass.swift in Sources */,
				9194038920F09CF500A96206 /* ChordEvent+CoreDataClass.swift in Sources */,
				9199C9F820C7C1BD00ACC924 /* IAPHelper.swift in Sources */,
				917F6CCE2119E5F000B953FE /* MainPanels.swift in Sources */,
				91188F9420A6C5E100D2C678 /* PanelViews.swift in Sources */,
				91CD36862001E78300124BD3 /* Mugic.xcdatamodeld in Sources */,
				919403A320F0AAB000A96206 /* SongEditViewController.swift in Sources */,
				91CE86F020330FFC00812E42 /* Color.swift in Sources */,
				91A10828215B59550070825B /* MainViewController+TableView.swift in Sources */,
				91A10824215B592E0070825B /* MainViewController+Record.swift in Sources */,
				91FF505020394484008460C3 /* Guitar.swift in Sources */,
				91CD36802001E78300124BD3 /* MainViewController.swift in Sources */,
				91BB7C732106320F00E737FF /* Song+CoreDataProperties.swift in Sources */,
				919403A920F0AD1D00A96206 /* Song.swift in Sources */,
				9194039D20F09E9600A96206 /* SongTableViewCell.swift in Sources */,
				91CD367E2001E78300124BD3 /* AppDelegate.swift in Sources */,
				91813C4720552328004E600C /* Utils.swift in Sources */,
				9194038F20F09CF500A96206 /* Track+CoreDataClass.swift in Sources */,
			);
			runOnlyForDeploymentPostprocessing = 0;
		};
		91CD368D2001E78300124BD3 /* Sources */ = {
			isa = PBXSourcesBuildPhase;
			buildActionMask = 2147483647;
			files = (
				91CD36962001E78300124BD3 /* MugicTests.swift in Sources */,
			);
			runOnlyForDeploymentPostprocessing = 0;
		};
		91CD36982001E78300124BD3 /* Sources */ = {
			isa = PBXSourcesBuildPhase;
			buildActionMask = 2147483647;
			files = (
				91CD36A12001E78300124BD3 /* MugicUITests.swift in Sources */,
			);
			runOnlyForDeploymentPostprocessing = 0;
		};
/* End PBXSourcesBuildPhase section */

/* Begin PBXTargetDependency section */
		91CD36932001E78300124BD3 /* PBXTargetDependency */ = {
			isa = PBXTargetDependency;
			target = 91CD36792001E78300124BD3 /* Mugic */;
			targetProxy = 91CD36922001E78300124BD3 /* PBXContainerItemProxy */;
		};
		91CD369E2001E78300124BD3 /* PBXTargetDependency */ = {
			isa = PBXTargetDependency;
			target = 91CD36792001E78300124BD3 /* Mugic */;
			targetProxy = 91CD369D2001E78300124BD3 /* PBXContainerItemProxy */;
		};
/* End PBXTargetDependency section */

/* Begin PBXVariantGroup section */
		91CD36812001E78300124BD3 /* Main.storyboard */ = {
			isa = PBXVariantGroup;
			children = (
				91CD36822001E78300124BD3 /* Base */,
			);
			name = Main.storyboard;
			sourceTree = "<group>";
		};
		91CD36892001E78300124BD3 /* LaunchScreen.storyboard */ = {
			isa = PBXVariantGroup;
			children = (
				91CD368A2001E78300124BD3 /* Base */,
			);
			name = LaunchScreen.storyboard;
			sourceTree = "<group>";
		};
/* End PBXVariantGroup section */

/* Begin XCBuildConfiguration section */
		91CD36A32001E78300124BD3 /* Debug */ = {
			isa = XCBuildConfiguration;
			buildSettings = {
				ALWAYS_SEARCH_USER_PATHS = NO;
				CLANG_ANALYZER_NONNULL = YES;
				CLANG_ANALYZER_NUMBER_OBJECT_CONVERSION = YES_AGGRESSIVE;
				CLANG_CXX_LANGUAGE_STANDARD = "gnu++14";
				CLANG_CXX_LIBRARY = "libc++";
				CLANG_ENABLE_MODULES = YES;
				CLANG_ENABLE_OBJC_ARC = YES;
				CLANG_WARN_BLOCK_CAPTURE_AUTORELEASING = YES;
				CLANG_WARN_BOOL_CONVERSION = YES;
				CLANG_WARN_COMMA = YES;
				CLANG_WARN_CONSTANT_CONVERSION = YES;
				CLANG_WARN_DEPRECATED_OBJC_IMPLEMENTATIONS = YES;
				CLANG_WARN_DIRECT_OBJC_ISA_USAGE = YES_ERROR;
				CLANG_WARN_DOCUMENTATION_COMMENTS = YES;
				CLANG_WARN_EMPTY_BODY = YES;
				CLANG_WARN_ENUM_CONVERSION = YES;
				CLANG_WARN_INFINITE_RECURSION = YES;
				CLANG_WARN_INT_CONVERSION = YES;
				CLANG_WARN_NON_LITERAL_NULL_CONVERSION = YES;
				CLANG_WARN_OBJC_IMPLICIT_RETAIN_SELF = YES;
				CLANG_WARN_OBJC_LITERAL_CONVERSION = YES;
				CLANG_WARN_OBJC_ROOT_CLASS = YES_ERROR;
				CLANG_WARN_RANGE_LOOP_ANALYSIS = YES;
				CLANG_WARN_STRICT_PROTOTYPES = YES;
				CLANG_WARN_SUSPICIOUS_MOVE = YES;
				CLANG_WARN_UNGUARDED_AVAILABILITY = YES_AGGRESSIVE;
				CLANG_WARN_UNREACHABLE_CODE = YES;
				CLANG_WARN__DUPLICATE_METHOD_MATCH = YES;
				CODE_SIGN_IDENTITY = "iPhone Developer";
				COPY_PHASE_STRIP = NO;
				DEBUG_INFORMATION_FORMAT = dwarf;
				ENABLE_STRICT_OBJC_MSGSEND = YES;
				ENABLE_TESTABILITY = YES;
				GCC_C_LANGUAGE_STANDARD = gnu11;
				GCC_DYNAMIC_NO_PIC = NO;
				GCC_NO_COMMON_BLOCKS = YES;
				GCC_OPTIMIZATION_LEVEL = 0;
				GCC_PREPROCESSOR_DEFINITIONS = (
					"DEBUG=1",
					"$(inherited)",
				);
				GCC_WARN_64_TO_32_BIT_CONVERSION = YES;
				GCC_WARN_ABOUT_RETURN_TYPE = YES_ERROR;
				GCC_WARN_UNDECLARED_SELECTOR = YES;
				GCC_WARN_UNINITIALIZED_AUTOS = YES_AGGRESSIVE;
				GCC_WARN_UNUSED_FUNCTION = YES;
				GCC_WARN_UNUSED_VARIABLE = YES;
				IPHONEOS_DEPLOYMENT_TARGET = 12.1;
				MTL_ENABLE_DEBUG_INFO = YES;
				ONLY_ACTIVE_ARCH = YES;
				SDKROOT = iphoneos;
				SWIFT_ACTIVE_COMPILATION_CONDITIONS = DEBUG;
				SWIFT_OPTIMIZATION_LEVEL = "-Onone";
				SWIFT_VERSION = "";
			};
			name = Debug;
		};
		91CD36A42001E78300124BD3 /* Release */ = {
			isa = XCBuildConfiguration;
			buildSettings = {
				ALWAYS_SEARCH_USER_PATHS = NO;
				CLANG_ANALYZER_NONNULL = YES;
				CLANG_ANALYZER_NUMBER_OBJECT_CONVERSION = YES_AGGRESSIVE;
				CLANG_CXX_LANGUAGE_STANDARD = "gnu++14";
				CLANG_CXX_LIBRARY = "libc++";
				CLANG_ENABLE_MODULES = YES;
				CLANG_ENABLE_OBJC_ARC = YES;
				CLANG_WARN_BLOCK_CAPTURE_AUTORELEASING = YES;
				CLANG_WARN_BOOL_CONVERSION = YES;
				CLANG_WARN_COMMA = YES;
				CLANG_WARN_CONSTANT_CONVERSION = YES;
				CLANG_WARN_DEPRECATED_OBJC_IMPLEMENTATIONS = YES;
				CLANG_WARN_DIRECT_OBJC_ISA_USAGE = YES_ERROR;
				CLANG_WARN_DOCUMENTATION_COMMENTS = YES;
				CLANG_WARN_EMPTY_BODY = YES;
				CLANG_WARN_ENUM_CONVERSION = YES;
				CLANG_WARN_INFINITE_RECURSION = YES;
				CLANG_WARN_INT_CONVERSION = YES;
				CLANG_WARN_NON_LITERAL_NULL_CONVERSION = YES;
				CLANG_WARN_OBJC_IMPLICIT_RETAIN_SELF = YES;
				CLANG_WARN_OBJC_LITERAL_CONVERSION = YES;
				CLANG_WARN_OBJC_ROOT_CLASS = YES_ERROR;
				CLANG_WARN_RANGE_LOOP_ANALYSIS = YES;
				CLANG_WARN_STRICT_PROTOTYPES = YES;
				CLANG_WARN_SUSPICIOUS_MOVE = YES;
				CLANG_WARN_UNGUARDED_AVAILABILITY = YES_AGGRESSIVE;
				CLANG_WARN_UNREACHABLE_CODE = YES;
				CLANG_WARN__DUPLICATE_METHOD_MATCH = YES;
				CODE_SIGN_IDENTITY = "iPhone Developer";
				COPY_PHASE_STRIP = NO;
				DEBUG_INFORMATION_FORMAT = "dwarf-with-dsym";
				ENABLE_NS_ASSERTIONS = NO;
				ENABLE_STRICT_OBJC_MSGSEND = YES;
				GCC_C_LANGUAGE_STANDARD = gnu11;
				GCC_NO_COMMON_BLOCKS = YES;
				GCC_WARN_64_TO_32_BIT_CONVERSION = YES;
				GCC_WARN_ABOUT_RETURN_TYPE = YES_ERROR;
				GCC_WARN_UNDECLARED_SELECTOR = YES;
				GCC_WARN_UNINITIALIZED_AUTOS = YES_AGGRESSIVE;
				GCC_WARN_UNUSED_FUNCTION = YES;
				GCC_WARN_UNUSED_VARIABLE = YES;
				IPHONEOS_DEPLOYMENT_TARGET = 12.1;
				MTL_ENABLE_DEBUG_INFO = NO;
				SDKROOT = iphoneos;
				SWIFT_OPTIMIZATION_LEVEL = "-Owholemodule";
				SWIFT_VERSION = "";
				VALIDATE_PRODUCT = YES;
			};
			name = Release;
		};
		91CD36A62001E78300124BD3 /* Debug */ = {
			isa = XCBuildConfiguration;
			baseConfigurationReference = 487DDC6C97D09E375DA9CF39 /* Pods-Mugic.debug.xcconfig */;
			buildSettings = {
				ASSETCATALOG_COMPILER_APPICON_NAME = AppIcon;
				CODE_SIGN_STYLE = Automatic;
				DEVELOPMENT_TEAM = VWS7D33ESH;
				INFOPLIST_FILE = Mugic/Info.plist;
				LD_RUNPATH_SEARCH_PATHS = "$(inherited) @executable_path/Frameworks";
				PRODUCT_BUNDLE_IDENTIFIER = leonljy.Mugic;
				PRODUCT_NAME = "$(TARGET_NAME)";
				SWIFT_VERSION = 5.0;
				TARGETED_DEVICE_FAMILY = "1,2";
			};
			name = Debug;
		};
		91CD36A72001E78300124BD3 /* Release */ = {
			isa = XCBuildConfiguration;
			baseConfigurationReference = B9D297182FD7C3670D4D3183 /* Pods-Mugic.release.xcconfig */;
			buildSettings = {
				ASSETCATALOG_COMPILER_APPICON_NAME = AppIcon;
				CODE_SIGN_STYLE = Automatic;
				DEVELOPMENT_TEAM = VWS7D33ESH;
				INFOPLIST_FILE = Mugic/Info.plist;
				LD_RUNPATH_SEARCH_PATHS = "$(inherited) @executable_path/Frameworks";
				PRODUCT_BUNDLE_IDENTIFIER = leonljy.Mugic;
				PRODUCT_NAME = "$(TARGET_NAME)";
				SWIFT_VERSION = 5.0;
				TARGETED_DEVICE_FAMILY = "1,2";
			};
			name = Release;
		};
		91CD36A92001E78300124BD3 /* Debug */ = {
			isa = XCBuildConfiguration;
			baseConfigurationReference = 748C2A693D63C91AC7C32A01 /* Pods-MugicTests.debug.xcconfig */;
			buildSettings = {
				ALWAYS_EMBED_SWIFT_STANDARD_LIBRARIES = "$(inherited)";
				BUNDLE_LOADER = "$(TEST_HOST)";
				CODE_SIGN_STYLE = Automatic;
				INFOPLIST_FILE = MugicTests/Info.plist;
				LD_RUNPATH_SEARCH_PATHS = "$(inherited) @executable_path/Frameworks @loader_path/Frameworks";
				PRODUCT_BUNDLE_IDENTIFIER = leonljy.MugicTests;
				PRODUCT_NAME = "$(TARGET_NAME)";
				SWIFT_VERSION = 5.0;
				TARGETED_DEVICE_FAMILY = "1,2";
				TEST_HOST = "$(BUILT_PRODUCTS_DIR)/Mugic.app/Mugic";
			};
			name = Debug;
		};
		91CD36AA2001E78300124BD3 /* Release */ = {
			isa = XCBuildConfiguration;
			baseConfigurationReference = 109443B8F3567B63882FAB8D /* Pods-MugicTests.release.xcconfig */;
			buildSettings = {
				ALWAYS_EMBED_SWIFT_STANDARD_LIBRARIES = "$(inherited)";
				BUNDLE_LOADER = "$(TEST_HOST)";
				CODE_SIGN_STYLE = Automatic;
				INFOPLIST_FILE = MugicTests/Info.plist;
				LD_RUNPATH_SEARCH_PATHS = "$(inherited) @executable_path/Frameworks @loader_path/Frameworks";
				PRODUCT_BUNDLE_IDENTIFIER = leonljy.MugicTests;
				PRODUCT_NAME = "$(TARGET_NAME)";
				SWIFT_VERSION = 5.0;
				TARGETED_DEVICE_FAMILY = "1,2";
				TEST_HOST = "$(BUILT_PRODUCTS_DIR)/Mugic.app/Mugic";
			};
			name = Release;
		};
		91CD36AC2001E78300124BD3 /* Debug */ = {
			isa = XCBuildConfiguration;
			baseConfigurationReference = 187C40F8DC4CD92D35110946 /* Pods-MugicUITests.debug.xcconfig */;
			buildSettings = {
				ALWAYS_EMBED_SWIFT_STANDARD_LIBRARIES = "$(inherited)";
				CODE_SIGN_STYLE = Automatic;
				INFOPLIST_FILE = MugicUITests/Info.plist;
				LD_RUNPATH_SEARCH_PATHS = "$(inherited) @executable_path/Frameworks @loader_path/Frameworks";
				PRODUCT_BUNDLE_IDENTIFIER = leonljy.MugicUITests;
				PRODUCT_NAME = "$(TARGET_NAME)";
				SWIFT_VERSION = 5.0;
				TARGETED_DEVICE_FAMILY = "1,2";
				TEST_TARGET_NAME = Mugic;
			};
			name = Debug;
		};
		91CD36AD2001E78300124BD3 /* Release */ = {
			isa = XCBuildConfiguration;
			baseConfigurationReference = AC6FB06D7C3EBDB28C7C58A9 /* Pods-MugicUITests.release.xcconfig */;
			buildSettings = {
				ALWAYS_EMBED_SWIFT_STANDARD_LIBRARIES = "$(inherited)";
				CODE_SIGN_STYLE = Automatic;
				INFOPLIST_FILE = MugicUITests/Info.plist;
				LD_RUNPATH_SEARCH_PATHS = "$(inherited) @executable_path/Frameworks @loader_path/Frameworks";
				PRODUCT_BUNDLE_IDENTIFIER = leonljy.MugicUITests;
				PRODUCT_NAME = "$(TARGET_NAME)";
				SWIFT_VERSION = 5.0;
				TARGETED_DEVICE_FAMILY = "1,2";
				TEST_TARGET_NAME = Mugic;
			};
			name = Release;
		};
/* End XCBuildConfiguration section */

/* Begin XCConfigurationList section */
		91CD36752001E78200124BD3 /* Build configuration list for PBXProject "Mugic" */ = {
			isa = XCConfigurationList;
			buildConfigurations = (
				91CD36A32001E78300124BD3 /* Debug */,
				91CD36A42001E78300124BD3 /* Release */,
			);
			defaultConfigurationIsVisible = 0;
			defaultConfigurationName = Release;
		};
		91CD36A52001E78300124BD3 /* Build configuration list for PBXNativeTarget "Mugic" */ = {
			isa = XCConfigurationList;
			buildConfigurations = (
				91CD36A62001E78300124BD3 /* Debug */,
				91CD36A72001E78300124BD3 /* Release */,
			);
			defaultConfigurationIsVisible = 0;
			defaultConfigurationName = Release;
		};
		91CD36A82001E78300124BD3 /* Build configuration list for PBXNativeTarget "MugicTests" */ = {
			isa = XCConfigurationList;
			buildConfigurations = (
				91CD36A92001E78300124BD3 /* Debug */,
				91CD36AA2001E78300124BD3 /* Release */,
			);
			defaultConfigurationIsVisible = 0;
			defaultConfigurationName = Release;
		};
		91CD36AB2001E78300124BD3 /* Build configuration list for PBXNativeTarget "MugicUITests" */ = {
			isa = XCConfigurationList;
			buildConfigurations = (
				91CD36AC2001E78300124BD3 /* Debug */,
				91CD36AD2001E78300124BD3 /* Release */,
			);
			defaultConfigurationIsVisible = 0;
			defaultConfigurationName = Release;
		};
/* End XCConfigurationList section */

/* Begin XCVersionGroup section */
		91CD36842001E78300124BD3 /* Mugic.xcdatamodeld */ = {
			isa = XCVersionGroup;
			children = (
				91CD36852001E78300124BD3 /* Mugic.xcdatamodel */,
			);
			currentVersion = 91CD36852001E78300124BD3 /* Mugic.xcdatamodel */;
			path = Mugic.xcdatamodeld;
			sourceTree = "<group>";
			versionGroupType = wrapper.xcdatamodel;
		};
/* End XCVersionGroup section */
	};
	rootObject = 91CD36722001E78200124BD3 /* Project object */;
}
